
Microsoft Visual Studio Solution File, Format Version 12.00
# Visual Studio Version 17
VisualStudioVersion = 17.12.35506.116 d17.12
MinimumVisualStudioVersion = 10.0.40219.1
Project("{FAE04EC0-301F-11D3-BF4B-00C04F79EFBC}") = "Aula02", "Aula02\Aula02.csproj", "{A687ABAB-F299-4CF6-A580-A5C1B1DD0DDD}"
EndProject
Project("{FAE04EC0-301F-11D3-BF4B-00C04F79EFBC}") = "Aula02.Domain", "Aula02.Domain\Aula02.Domain.csproj", "{46D8CC08-D3F3-4505-AA03-A74C97275087}"
EndProject
Project("{FAE04EC0-301F-11D3-BF4B-00C04F79EFBC}") = "Aula02.Infraestrutura", "Aula02.Infraestrutura\Aula02.Infraestrutura.csproj", "{5C924CC3-E70C-4BBD-8E87-F957343A7820}"
EndProject
Project("{FAE04EC0-301F-11D3-BF4B-00C04F79EFBC}") = "Aula02.Application", "Aula02.Application\Aula02.Application.csproj", "{E81B87A9-0783-46DA-97AD-FAC8CB2BDB8A}"
EndProject
Global
	GlobalSection(SolutionConfigurationPlatforms) = preSolution
		Debug|Any CPU = Debug|Any CPU
		Release|Any CPU = Release|Any CPU
	EndGlobalSection
	GlobalSection(ProjectConfigurationPlatforms) = postSolution
		{A687ABAB-F299-4CF6-A580-A5C1B1DD0DDD}.Debug|Any CPU.ActiveCfg = Debug|Any CPU
		{A687ABAB-F299-4CF6-A580-A5C1B1DD0DDD}.Debug|Any CPU.Build.0 = Debug|Any CPU
		{A687ABAB-F299-4CF6-A580-A5C1B1DD0DDD}.Release|Any CPU.ActiveCfg = Release|Any CPU
		{A687ABAB-F299-4CF6-A580-A5C1B1DD0DDD}.Release|Any CPU.Build.0 = Release|Any CPU
		{46D8CC08-D3F3-4505-AA03-A74C97275087}.Debug|Any CPU.ActiveCfg = Debug|Any CPU
		{46D8CC08-D3F3-4505-AA03-A74C97275087}.Debug|Any CPU.Build.0 = Debug|Any CPU
		{46D8CC08-D3F3-4505-AA03-A74C97275087}.Release|Any CPU.ActiveCfg = Release|Any CPU
		{46D8CC08-D3F3-4505-AA03-A74C97275087}.Release|Any CPU.Build.0 = Release|Any CPU
		{5C924CC3-E70C-4BBD-8E87-F957343A7820}.Debug|Any CPU.ActiveCfg = Debug|Any CPU
		{5C924CC3-E70C-4BBD-8E87-F957343A7820}.Debug|Any CPU.Build.0 = Debug|Any CPU
		{5C924CC3-E70C-4BBD-8E87-F957343A7820}.Release|Any CPU.ActiveCfg = Release|Any CPU
		{5C924CC3-E70C-4BBD-8E87-F957343A7820}.Release|Any CPU.Build.0 = Release|Any CPU
		{E81B87A9-0783-46DA-97AD-FAC8CB2BDB8A}.Debug|Any CPU.ActiveCfg = Debug|Any CPU
		{E81B87A9-0783-46DA-97AD-FAC8CB2BDB8A}.Debug|Any CPU.Build.0 = Debug|Any CPU
		{E81B87A9-0783-46DA-97AD-FAC8CB2BDB8A}.Release|Any CPU.ActiveCfg = Release|Any CPU
		{E81B87A9-0783-46DA-97AD-FAC8CB2BDB8A}.Release|Any CPU.Build.0 = Release|Any CPU
	EndGlobalSection
	GlobalSection(SolutionProperties) = preSolution
		HideSolutionNode = FALSE
	EndGlobalSection
EndGlobal
